
Microsoft Visual Studio Solution File, Format Version 12.00
# Visual Studio Version 17
VisualStudioVersion = 17.7.34202.233
MinimumVisualStudioVersion = 10.0.40219.1
Project("{FAE04EC0-301F-11D3-BF4B-00C04F79EFBC}") = "Generic Customlist", "Generic Customlist\Generic Customlist.csproj", "{E1DBDF0D-6BC1-41A0-A62D-0B54348F7F8D}"
EndProject
Global
	GlobalSection(SolutionConfigurationPlatforms) = preSolution
		Debug|Any CPU = Debug|Any CPU
		Release|Any CPU = Release|Any CPU
	EndGlobalSection
	GlobalSection(ProjectConfigurationPlatforms) = postSolution
		{E1DBDF0D-6BC1-41A0-A62D-0B54348F7F8D}.Debug|Any CPU.ActiveCfg = Debug|Any CPU
		{E1DBDF0D-6BC1-41A0-A62D-0B54348F7F8D}.Debug|Any CPU.Build.0 = Debug|Any CPU
		{E1DBDF0D-6BC1-41A0-A62D-0B54348F7F8D}.Release|Any CPU.ActiveCfg = Release|Any CPU
		{E1DBDF0D-6BC1-41A0-A62D-0B54348F7F8D}.Release|Any CPU.Build.0 = Release|Any CPU
	EndGlobalSection
	GlobalSection(SolutionProperties) = preSolution
		HideSolutionNode = FALSE
	EndGlobalSection
	GlobalSection(ExtensibilityGlobals) = postSolution
		SolutionGuid = {172BE1DC-8ADF-4096-A435-C2C88A29EF02}
	EndGlobalSection
EndGlobal
